
Microsoft Visual Studio Solution File, Format Version 12.00
# Visual Studio Version 17
VisualStudioVersion = 17.4.33213.308
MinimumVisualStudioVersion = 10.0.40219.1
Project("{FAE04EC0-301F-11D3-BF4B-00C04F79EFBC}") = "BlockC_Api", "BlockC_Api\BlockC_Api.csproj", "{027B65D8-25E2-48FE-8C06-66EDDD4A92FF}"
EndProject
Global
	GlobalSection(SolutionConfigurationPlatforms) = preSolution
		Debug|Any CPU = Debug|Any CPU
		Release|Any CPU = Release|Any CPU
	EndGlobalSection
	GlobalSection(ProjectConfigurationPlatforms) = postSolution
		{027B65D8-25E2-48FE-8C06-66EDDD4A92FF}.Debug|Any CPU.ActiveCfg = Debug|Any CPU
		{027B65D8-25E2-48FE-8C06-66EDDD4A92FF}.Debug|Any CPU.Build.0 = Debug|Any CPU
		{027B65D8-25E2-48FE-8C06-66EDDD4A92FF}.Release|Any CPU.ActiveCfg = Release|Any CPU
		{027B65D8-25E2-48FE-8C06-66EDDD4A92FF}.Release|Any CPU.Build.0 = Release|Any CPU
	EndGlobalSection
	GlobalSection(SolutionProperties) = preSolution
		HideSolutionNode = FALSE
	EndGlobalSection
	GlobalSection(ExtensibilityGlobals) = postSolution
		SolutionGuid = {0E022CB0-B3A0-429D-8B33-8F2B5DE955CC}
	EndGlobalSection
EndGlobal
